// !$*UTF8*$!
{
	archiveVersion = 1;
	classes = {
	};
	objectVersion = 46;
	objects = {

/* Begin PBXBuildFile section */
		DEA2D9F61EE9EE3C00D7057D /* AppDelegate.swift in Sources */ = {isa = PBXBuildFile; fileRef = DEA2D9F51EE9EE3C00D7057D /* AppDelegate.swift */; };
		DEA2D9F81EE9EE3C00D7057D /* ViewController.swift in Sources */ = {isa = PBXBuildFile; fileRef = DEA2D9F71EE9EE3C00D7057D /* ViewController.swift */; };
		DEA2D9FB1EE9EE3C00D7057D /* Main.storyboard in Resources */ = {isa = PBXBuildFile; fileRef = DEA2D9F91EE9EE3C00D7057D /* Main.storyboard */; };
		DEA2D9FD1EE9EE3C00D7057D /* Assets.xcassets in Resources */ = {isa = PBXBuildFile; fileRef = DEA2D9FC1EE9EE3C00D7057D /* Assets.xcassets */; };
		DEA2DA001EE9EE3C00D7057D /* LaunchScreen.storyboard in Resources */ = {isa = PBXBuildFile; fileRef = DEA2D9FE1EE9EE3C00D7057D /* LaunchScreen.storyboard */; };
/* End PBXBuildFile section */

/* Begin PBXFileReference section */
		DEA2D9F21EE9EE3C00D7057D /* Beacon's Major-Minor.app */ = {isa = PBXFileReference; explicitFileType = wrapper.application; includeInIndex = 0; path = "Beacon's Major-Minor.app"; sourceTree = BUILT_PRODUCTS_DIR; };
		DEA2D9F51EE9EE3C00D7057D /* AppDelegate.swift */ = {isa = PBXFileReference; lastKnownFileType = sourcecode.swift; path = AppDelegate.swift; sourceTree = "<group>"; };
		DEA2D9F71EE9EE3C00D7057D /* ViewController.swift */ = {isa = PBXFileReference; lastKnownFileType = sourcecode.swift; path = ViewController.swift; sourceTree = "<group>"; };
		DEA2D9FA1EE9EE3C00D7057D /* Base */ = {isa = PBXFileReference; lastKnownFileType = file.storyboard; name = Base; path = Base.lproj/Main.storyboard; sourceTree = "<group>"; };
		DEA2D9FC1EE9EE3C00D7057D /* Assets.xcassets */ = {isa = PBXFileReference; lastKnownFileType = folder.assetcatalog; path = Assets.xcassets; sourceTree = "<group>"; };
		DEA2D9FF1EE9EE3C00D7057D /* Base */ = {isa = PBXFileReference; lastKnownFileType = file.storyboard; name = Base; path = Base.lproj/LaunchScreen.storyboard; sourceTree = "<group>"; };
		DEA2DA011EE9EE3C00D7057D /* Info.plist */ = {isa = PBXFileReference; lastKnownFileType = text.plist.xml; path = Info.plist; sourceTree = "<group>"; };
/* End PBXFileReference section */

/* Begin PBXFrameworksBuildPhase section */
		DEA2D9EF1EE9EE3C00D7057D /* Frameworks */ = {
			isa = PBXFrameworksBuildPhase;
			buildActionMask = 2147483647;
			files = (
			);
			runOnlyForDeploymentPostprocessing = 0;
		};
/* End PBXFrameworksBuildPhase section */

/* Begin PBXGroup section */
		DEA2D9E91EE9EE3C00D7057D = {
			isa = PBXGroup;
			children = (
				DEA2D9F41EE9EE3C00D7057D /* Beacon's Major-Minor */,
				DEA2D9F31EE9EE3C00D7057D /* Products */,
			);
			sourceTree = "<group>";
		};
		DEA2D9F31EE9EE3C00D7057D /* Products */ = {
			isa = PBXGroup;
			children = (
				DEA2D9F21EE9EE3C00D7057D /* Beacon's Major-Minor.app */,
			);
			name = Products;
			sourceTree = "<group>";
		};
		DEA2D9F41EE9EE3C00D7057D /* Beacon's Major-Minor */ = {
			isa = PBXGroup;
			children = (
				DEA2D9F51EE9EE3C00D7057D /* AppDelegate.swift */,
				DEA2D9F71EE9EE3C00D7057D /* ViewController.swift */,
				DEA2D9F91EE9EE3C00D7057D /* Main.storyboard */,
				DEA2D9FC1EE9EE3C00D7057D /* Assets.xcassets */,
				DEA2D9FE1EE9EE3C00D7057D /* LaunchScreen.storyboard */,
				DEA2DA011EE9EE3C00D7057D /* Info.plist */,
			);
			path = "Beacon's Major-Minor";
			sourceTree = "<group>";
		};
/* End PBXGroup section */

/* Begin PBXNativeTarget section */
		DEA2D9F11EE9EE3C00D7057D /* Beacon's Major-Minor */ = {
			isa = PBXNativeTarget;
			buildConfigurationList = DEA2DA041EE9EE3C00D7057D /* Build configuration list for PBXNativeTarget "Beacon's Major-Minor" */;
			buildPhases = (
				DEA2D9EE1EE9EE3C00D7057D /* Sources */,
				DEA2D9EF1EE9EE3C00D7057D /* Frameworks */,
				DEA2D9F01EE9EE3C00D7057D /* Resources */,
			);
			buildRules = (
			);
			dependencies = (
			);
			name = "Beacon's Major-Minor";
			productName = "Beacon's Major-Minor";
			productReference = DEA2D9F21EE9EE3C00D7057D /* Beacon's Major-Minor.app */;
			productType = "com.apple.product-type.application";
		};
/* End PBXNativeTarget section */

/* Begin PBXProject section */
		DEA2D9EA1EE9EE3C00D7057D /* Project object */ = {
			isa = PBXProject;
			attributes = {
				LastSwiftUpdateCheck = 0830;
				LastUpgradeCheck = 0830;
				ORGANIZATIONNAME = aniltaskiran;
				TargetAttributes = {
					DEA2D9F11EE9EE3C00D7057D = {
						CreatedOnToolsVersion = 8.3.3;
						DevelopmentTeam = 3CTUR53B57;
						ProvisioningStyle = Automatic;
					};
				};
			};
			buildConfigurationList = DEA2D9ED1EE9EE3C00D7057D /* Build configuration list for PBXProject "Beacon's Major-Minor" */;
			compatibilityVersion = "Xcode 3.2";
			developmentRegion = English;
			hasScannedForEncodings = 0;
			knownRegions = (
				en,
				Base,
			);
			mainGroup = DEA2D9E91EE9EE3C00D7057D;
			productRefGroup = DEA2D9F31EE9EE3C00D7057D /* Products */;
			projectDirPath = "";
			projectRoot = "";
			targets = (
				DEA2D9F11EE9EE3C00D7057D /* Beacon's Major-Minor */,
			);
		};
/* End PBXProject section */

/* Begin PBXResourcesBuildPhase section */
		DEA2D9F01EE9EE3C00D7057D /* Resources */ = {
			isa = PBXResourcesBuildPhase;
			buildActionMask = 2147483647;
			files = (
				DEA2DA001EE9EE3C00D7057D /* LaunchScreen.storyboard in Resources */,
				DEA2D9FD1EE9EE3C00D7057D /* Assets.xcassets in Resources */,
				DEA2D9FB1EE9EE3C00D7057D /* Main.storyboard in Resources */,
			);
			runOnlyForDeploymentPostprocessing = 0;
		};
/* End PBXResourcesBuildPhase section */

/* Begin PBXSourcesBuildPhase section */
		DEA2D9EE1EE9EE3C00D7057D /* Sources */ = {
			isa = PBXSourcesBuildPhase;
			buildActionMask = 2147483647;
			files = (
				DEA2D9F81EE9EE3C00D7057D /* ViewController.swift in Sources */,
				DEA2D9F61EE9EE3C00D7057D /* AppDelegate.swift in Sources */,
			);
			runOnlyForDeploymentPostprocessing = 0;
		};
/* End PBXSourcesBuildPhase section */

/* Begin PBXVariantGroup section */
		DEA2D9F91EE9EE3C00D7057D /* Main.storyboard */ = {
			isa = PBXVariantGroup;
			children = (
				DEA2D9FA1EE9EE3C00D7057D /* Base */,
			);
			name = Main.storyboard;
			sourceTree = "<group>";
		};
		DEA2D9FE1EE9EE3C00D7057D /* LaunchScreen.storyboard */ = {
			isa = PBXVariantGroup;
			children = (
				DEA2D9FF1EE9EE3C00D7057D /* Base */,
			);
			name = LaunchScreen.storyboard;
			sourceTree = "<group>";
		};
/* End PBXVariantGroup section */

/* Begin XCBuildConfiguration section */
		DEA2DA021EE9EE3C00D7057D /* Debug */ = {
			isa = XCBuildConfiguration;
			buildSettings = {
				ALWAYS_SEARCH_USER_PATHS = NO;
				CLANG_ANALYZER_NONNULL = YES;
				CLANG_ANALYZER_NUMBER_OBJECT_CONVERSION = YES_AGGRESSIVE;
				CLANG_CXX_LANGUAGE_STANDARD = "gnu++0x";
				CLANG_CXX_LIBRARY = "libc++";
				CLANG_ENABLE_MODULES = YES;
				CLANG_ENABLE_OBJC_ARC = YES;
				CLANG_WARN_BOOL_CONVERSION = YES;
				CLANG_WARN_CONSTANT_CONVERSION = YES;
				CLANG_WARN_DIRECT_OBJC_ISA_USAGE = YES_ERROR;
				CLANG_WARN_DOCUMENTATION_COMMENTS = YES;
				CLANG_WARN_EMPTY_BODY = YES;
				CLANG_WARN_ENUM_CONVERSION = YES;
				CLANG_WARN_INFINITE_RECURSION = YES;
				CLANG_WARN_INT_CONVERSION = YES;
				CLANG_WARN_OBJC_ROOT_CLASS = YES_ERROR;
				CLANG_WARN_SUSPICIOUS_MOVE = YES;
				CLANG_WARN_UNREACHABLE_CODE = YES;
				CLANG_WARN__DUPLICATE_METHOD_MATCH = YES;
				"CODE_SIGN_IDENTITY[sdk=iphoneos*]" = "iPhone Developer";
				COPY_PHASE_STRIP = NO;
				DEBUG_INFORMATION_FORMAT = dwarf;
				ENABLE_STRICT_OBJC_MSGSEND = YES;
				ENABLE_TESTABILITY = YES;
				GCC_C_LANGUAGE_STANDARD = gnu99;
				GCC_DYNAMIC_NO_PIC = NO;
				GCC_NO_COMMON_BLOCKS = YES;
				GCC_OPTIMIZATION_LEVEL = 0;
				GCC_PREPROCESSOR_DEFINITIONS = (
					"DEBUG=1",
					"$(inherited)",
				);
				GCC_WARN_64_TO_32_BIT_CONVERSION = YES;
				GCC_WARN_ABOUT_RETURN_TYPE = YES_ERROR;
				GCC_WARN_UNDECLARED_SELECTOR = YES;
				GCC_WARN_UNINITIALIZED_AUTOS = YES_AGGRESSIVE;
				GCC_WARN_UNUSED_FUNCTION = YES;
				GCC_WARN_UNUSED_VARIABLE = YES;
				IPHONEOS_DEPLOYMENT_TARGET = 10.3;
				MTL_ENABLE_DEBUG_INFO = YES;
				ONLY_ACTIVE_ARCH = YES;
				SDKROOT = iphoneos;
				SWIFT_ACTIVE_COMPILATION_CONDITIONS = DEBUG;
				SWIFT_OPTIMIZATION_LEVEL = "-Onone";
				TARGETED_DEVICE_FAMILY = "1,2";
			};
			name = Debug;
		};
		DEA2DA031EE9EE3C00D7057D /* Release */ = {
			isa = XCBuildConfiguration;
			buildSettings = {
				ALWAYS_SEARCH_USER_PATHS = NO;
				CLANG_ANALYZER_NONNULL = YES;
				CLANG_ANALYZER_NUMBER_OBJECT_CONVERSION = YES_AGGRESSIVE;
				CLANG_CXX_LANGUAGE_STANDARD = "gnu++0x";
				CLANG_CXX_LIBRARY = "libc++";
				CLANG_ENABLE_MODULES = YES;
				CLANG_ENABLE_OBJC_ARC = YES;
				CLANG_WARN_BOOL_CONVERSION = YES;
				CLANG_WARN_CONSTANT_CONVERSION = YES;
				CLANG_WARN_DIRECT_OBJC_ISA_USAGE = YES_ERROR;
				CLANG_WARN_DOCUMENTATION_COMMENTS = YES;
				CLANG_WARN_EMPTY_BODY = YES;
				CLANG_WARN_ENUM_CONVERSION = YES;
				CLANG_WARN_INFINITE_RECURSION = YES;
				CLANG_WARN_INT_CONVERSION = YES;
				CLANG_WARN_OBJC_ROOT_CLASS = YES_ERROR;
				CLANG_WARN_SUSPICIOUS_MOVE = YES;
				CLANG_WARN_UNREACHABLE_CODE = YES;
				CLANG_WARN__DUPLICATE_METHOD_MATCH = YES;
				"CODE_SIGN_IDENTITY[sdk=iphoneos*]" = "iPhone Developer";
				COPY_PHASE_STRIP = NO;
				DEBUG_INFORMATION_FORMAT = "dwarf-with-dsym";
				ENABLE_NS_ASSERTIONS = NO;
				ENABLE_STRICT_OBJC_MSGSEND = YES;
				GCC_C_LANGUAGE_STANDARD = gnu99;
				GCC_NO_COMMON_BLOCKS = YES;
				GCC_WARN_64_TO_32_BIT_CONVERSION = YES;
				GCC_WARN_ABOUT_RETURN_TYPE = YES_ERROR;
				GCC_WARN_UNDECLARED_SELECTOR = YES;
				GCC_WARN_UNINITIALIZED_AUTOS = YES_AGGRESSIVE;
				GCC_WARN_UNUSED_FUNCTION = YES;
				GCC_WARN_UNUSED_VARIABLE = YES;
				IPHONEOS_DEPLOYMENT_TARGET = 10.3;
				MTL_ENABLE_DEBUG_INFO = NO;
				SDKROOT = iphoneos;
				SWIFT_OPTIMIZATION_LEVEL = "-Owholemodule";
				TARGETED_DEVICE_FAMILY = "1,2";
				VALIDATE_PRODUCT = YES;
			};
			name = Release;
		};
		DEA2DA051EE9EE3C00D7057D /* Debug */ = {
			isa = XCBuildConfiguration;
			buildSettings = {
				ASSETCATALOG_COMPILER_APPICON_NAME = AppIcon;
				DEVELOPMENT_TEAM = 3CTUR53B57;
				INFOPLIST_FILE = "Beacon's Major-Minor/Info.plist";
				IPHONEOS_DEPLOYMENT_TARGET = 9.0;
				LD_RUNPATH_SEARCH_PATHS = "$(inherited) @executable_path/Frameworks";
				PRODUCT_BUNDLE_IDENTIFIER = "com.anil.Beacon-s-Major-Minor";
				PRODUCT_NAME = "$(TARGET_NAME)";
				SWIFT_VERSION = 3.0;
			};
			name = Debug;
		};
		DEA2DA061EE9EE3C00D7057D /* Release */ = {
			isa = XCBuildConfiguration;
			buildSettings = {
				ASSETCATALOG_COMPILER_APPICON_NAME = AppIcon;
				DEVELOPMENT_TEAM = 3CTUR53B57;
				INFOPLIST_FILE = "Beacon's Major-Minor/Info.plist";
				IPHONEOS_DEPLOYMENT_TARGET = 9.0;
				LD_RUNPATH_SEARCH_PATHS = "$(inherited) @executable_path/Frameworks";
				PRODUCT_BUNDLE_IDENTIFIER = "com.anil.Beacon-s-Major-Minor";
				PRODUCT_NAME = "$(TARGET_NAME)";
				SWIFT_VERSION = 3.0;
			};
			name = Release;
		};
/* End XCBuildConfiguration section */

/* Begin XCConfigurationList section */
		DEA2D9ED1EE9EE3C00D7057D /* Build configuration list for PBXProject "Beacon's Major-Minor" */ = {
			isa = XCConfigurationList;
			buildConfigurations = (
				DEA2DA021EE9EE3C00D7057D /* Debug */,
				DEA2DA031EE9EE3C00D7057D /* Release */,
			);
			defaultConfigurationIsVisible = 0;
			defaultConfigurationName = Release;
		};
		DEA2DA041EE9EE3C00D7057D /* Build configuration list for PBXNativeTarget "Beacon's Major-Minor" */ = {
			isa = XCConfigurationList;
			buildConfigurations = (
				DEA2DA051EE9EE3C00D7057D /* Debug */,
				DEA2DA061EE9EE3C00D7057D /* Release */,
			);
			defaultConfigurationIsVisible = 0;
		};
/* End XCConfigurationList section */
	};
	rootObject = DEA2D9EA1EE9EE3C00D7057D /* Project object */;
}
